lockfileVersion: '9.0'

settings:
  autoInstallPeers: true
  excludeLinksFromLockfile: false

importers:

  .:
    dependencies:
      '@swc/core':
        specifier: ^1.15.5
        version: 1.15.6
      swr:
        specifier: ^2.3.8
        version: 2.3.8(react@19.2.3)

packages:

  '@swc/core-darwin-arm64@1.15.6':
    resolution: {integrity: sha512-8pv6W49H70/yxNAC0k+W/Ko3nJW2Za706C1a8q6XhT4JtMLyaYqb+KeoBfIOR8F7qNhMdMa7wdOY5DLPk5cPSg==}
    engines: {node: '>=10'}
    cpu: [arm64]
    os: [darwin]

  '@swc/core-darwin-x64@1.15.6':
    resolution: {integrity: sha512-v4mDTwA+UdYEHKvzefc3VX/4a7QrRnAFZzNwL33PcLNUJhWbBg6ptcQpBDz/xWOjU6m+pC0IQfzcs16rkAFCHg==}
    engines: {node: '>=10'}
    cpu: [x64]
    os: [darwin]

  '@swc/core-linux-arm-gnueabihf@1.15.6':
    resolution: {integrity: sha512-OT8rIl24/mu4bgDPJT6FVcW+WF3ep9VTau69FspjeycNIa0U0est1ooHxxJyTcO8Qdv0Jy11oXHwtxslZ6KXcw==}
    engines: {node: '>=10'}
    cpu: [arm]
    os: [linux]

  '@swc/core-linux-arm64-gnu@1.15.6':
    resolution: {integrity: sha512-RKdeG9HBecClhtNJpGyZCYwvGrjzxDzQxGaVOQa44DbNSlVgupj6LnqNSt0RCTy8HEjra1WTD8dCJ9AR++dznQ==}
    engines: {node: '>=10'}
    cpu: [arm64]
    os: [linux]

  '@swc/core-linux-arm64-musl@1.15.6':
    resolution: {integrity: sha512-+llo+x7fRyyYd5qGfeYyHgDoZy7M9jKQKmYjTKTJ1BMoydeBoujUWtw+L3tOHyrzKBWOdmVhwdyK+Rx8DeOaGQ==}
    engines: {node: '>=10'}
    cpu: [arm64]
    os: [linux]

  '@swc/core-linux-x64-gnu@1.15.6':
    resolution: {integrity: sha512-1Ufezv5CtJOZaIzYUVMWPORNXgY1MuBrU6LPIeACkdpIaY2wiyfvTiMF57yZ3/c6RQQAY5ZmgV44wCe4dhUFew==}
    engines: {node: '>=10'}
    cpu: [x64]
    os: [linux]

  '@swc/core-linux-x64-musl@1.15.6':
    resolution: {integrity: sha512-hKhR3mAvLvp1bmSrM68DyW+p8vKoFospxtffCTdC0fUR+Y6GEmSMTh+KcQ5vcGptnS2VB6QhZx3oLdzoBs0R6g==}
    engines: {node: '>=10'}
    cpu: [x64]
    os: [linux]

  '@swc/core-win32-arm64-msvc@1.15.6':
    resolution: {integrity: sha512-s3AMvEOxS+H4l2+bEYwKkfDBf34u1/i+t7OgflFCaZ9wSDA3f693bptPO3m1/DrMTq1iEztEV2MPbjMmQqOmBw==}
    engines: {node: '>=10'}
    cpu: [arm64]
    os: [win32]

  '@swc/core-win32-ia32-msvc@1.15.6':
    resolution: {integrity: sha512-oD9REGtkA/kU+d9xBa0jddrn4BEIfWA7Jx+O+KD1Dhvgd23aYVWwR98kote6DbC/5nAbt201JnW73SkYHBm4pQ==}
    engines: {node: '>=10'}
    cpu: [ia32]
    os: [win32]

  '@swc/core-win32-x64-msvc@1.15.6':
    resolution: {integrity: sha512-oJ17Ouy1BkoUM5R8HJF8nX8IbiDror8tjW9x/PUoUVmtxxVb42vpXrS6xGDpH0mXx8K1wVVS6DOgH83uwKEBUQ==}
    engines: {node: '>=10'}
    cpu: [x64]
    os: [win32]

  '@swc/core@1.15.6':
    resolution: {integrity: sha512-BpSCKSwE5DG4N4Um+ZZwvJzJ/4iyMVlzvhJQoR0wJSgccca9ES3+P/7SbPxTM/jtV9vE1llfLPphw+Y+MFhnZg==}
    engines: {node: '>=10'}
    peerDependencies:
      '@swc/helpers': '>=0.5.17'
    peerDependenciesMeta:
      '@swc/helpers':
        optional: true

  '@swc/counter@0.1.3':
    resolution: {integrity: sha512-e2BR4lsJkkRlKZ/qCHPw9ZaSxc0MVUd7gtbtaB7aMvHeJVYe8sOB8DBZkP2DtISHGSku9sCK6T6cnY0CtXrOCQ==}

  '@swc/types@0.1.25':
    resolution: {integrity: sha512-iAoY/qRhNH8a/hBvm3zKj9qQ4oc2+3w1unPJa2XvTK3XjeLXtzcCingVPw/9e5mn1+0yPqxcBGp9Jf0pkfMb1g==}

  dequal@2.0.3:
    resolution: {integrity: sha512-0je+qPKHEMohvfRTCEo3CrPG6cAzAYgmzKyxRiYSSDkS6eGJdyVJm7WaYA5ECaAD9wLB2T4EEeymA5aFVcYXCA==}
    engines: {node: '>=6'}

  react@19.2.3:
    resolution: {integrity: sha512-Ku/hhYbVjOQnXDZFv2+RibmLFGwFdeeKHFcOTlrt7xplBnya5OGn/hIRDsqDiSUcfORsDC7MPxwork8jBwsIWA==}
    engines: {node: '>=0.10.0'}

  swr@2.3.8:
    resolution: {integrity: sha512-gaCPRVoMq8WGDcWj9p4YWzCMPHzE0WNl6W8ADIx9c3JBEIdMkJGMzW+uzXvxHMltwcYACr9jP+32H8/hgwMR7w==}
    peerDependencies:
      react: ^16.11.0 || ^17.0.0 || ^18.0.0 || ^19.0.0

  use-sync-external-store@1.6.0:
    resolution: {integrity: sha512-Pp6GSwGP/NrPIrxVFAIkOQeyw8lFenOHijQWkUTrDvrF4ALqylP2C/KCkeS9dpUM3KvYRQhna5vt7IL95+ZQ9w==}
    peerDependencies:
      react: ^16.8.0 || ^17.0.0 || ^18.0.0 || ^19.0.0

snapshots:

  '@swc/core-darwin-arm64@1.15.6':
    optional: true

  '@swc/core-darwin-x64@1.15.6':
    optional: true

  '@swc/core-linux-arm-gnueabihf@1.15.6':
    optional: true

  '@swc/core-linux-arm64-gnu@1.15.6':
    optional: true

  '@swc/core-linux-arm64-musl@1.15.6':
    optional: true

  '@swc/core-linux-x64-gnu@1.15.6':
    optional: true

  '@swc/core-linux-x64-musl@1.15.6':
    optional: true

  '@swc/core-win32-arm64-msvc@1.15.6':
    optional: true

  '@swc/core-win32-ia32-msvc@1.15.6':
    optional: true

  '@swc/core-win32-x64-msvc@1.15.6':
    optional: true

  '@swc/core@1.15.6':
    dependencies:
      '@swc/counter': 0.1.3
      '@swc/types': 0.1.25
    optionalDependencies:
      '@swc/core-darwin-arm64': 1.15.6
      '@swc/core-darwin-x64': 1.15.6
      '@swc/core-linux-arm-gnueabihf': 1.15.6
      '@swc/core-linux-arm64-gnu': 1.15.6
      '@swc/core-linux-arm64-musl': 1.15.6
      '@swc/core-linux-x64-gnu': 1.15.6
      '@swc/core-linux-x64-musl': 1.15.6
      '@swc/core-win32-arm64-msvc': 1.15.6
      '@swc/core-win32-ia32-msvc': 1.15.6
      '@swc/core-win32-x64-msvc': 1.15.6

  '@swc/counter@0.1.3': {}

  '@swc/types@0.1.25':
    dependencies:
      '@swc/counter': 0.1.3

  dequal@2.0.3: {}

  react@19.2.3: {}

  swr@2.3.8(react@19.2.3):
    dependencies:
      dequal: 2.0.3
      react: 19.2.3
      use-sync-external-store: 1.6.0(react@19.2.3)

  use-sync-external-store@1.6.0(react@19.2.3):
    dependencies:
      react: 19.2.3
